// !$*UTF8*$!
{
	archiveVersion = 1;
	classes = {
	};
	objectVersion = 50;
	objects = {

/* Begin PBXBuildFile section */
		0341C3D4216F71F2009A86FC /* SDLoadingView.swift in Sources */ = {isa = PBXBuildFile; fileRef = 0341C3D3216F71F2009A86FC /* SDLoadingView.swift */; };
		03442B74216E11E000FEA746 /* AppDelegate.swift in Sources */ = {isa = PBXBuildFile; fileRef = 03442B73216E11E000FEA746 /* AppDelegate.swift */; };
		03442B76216E11E000FEA746 /* ViewController.swift in Sources */ = {isa = PBXBuildFile; fileRef = 03442B75216E11E000FEA746 /* ViewController.swift */; };
		03442B79216E11E000FEA746 /* Main.storyboard in Resources */ = {isa = PBXBuildFile; fileRef = 03442B77216E11E000FEA746 /* Main.storyboard */; };
		03442B7B216E11E100FEA746 /* Assets.xcassets in Resources */ = {isa = PBXBuildFile; fileRef = 03442B7A216E11E100FEA746 /* Assets.xcassets */; };
		03442B7E216E11E100FEA746 /* LaunchScreen.storyboard in Resources */ = {isa = PBXBuildFile; fileRef = 03442B7C216E11E100FEA746 /* LaunchScreen.storyboard */; };
		0356F4F2217AF5990033020D /* SDActivityIndicatorViewProtocol.swift in Sources */ = {isa = PBXBuildFile; fileRef = 0356F4F1217AF5990033020D /* SDActivityIndicatorViewProtocol.swift */; };
		0356F4F4217AF7320033020D /* SDStandardActivityIndicatorView.swift in Sources */ = {isa = PBXBuildFile; fileRef = 0356F4F3217AF7320033020D /* SDStandardActivityIndicatorView.swift */; };
		0356F4F8217B2F7C0033020D /* SDActivityIndicatorViewModel.swift in Sources */ = {isa = PBXBuildFile; fileRef = 0356F4F7217B2F7C0033020D /* SDActivityIndicatorViewModel.swift */; };
		0367D3CD2177668D003B5C94 /* SDActivityIndicatorAnimationDelegate.swift in Sources */ = {isa = PBXBuildFile; fileRef = 0367D3CC2177668D003B5C94 /* SDActivityIndicatorAnimationDelegate.swift */; };
/* End PBXBuildFile section */

/* Begin PBXFileReference section */
		0341C3D3216F71F2009A86FC /* SDLoadingView.swift */ = {isa = PBXFileReference; lastKnownFileType = sourcecode.swift; path = SDLoadingView.swift; sourceTree = "<group>"; };
		03442B70216E11E000FEA746 /* SDLoadingViewExample.app */ = {isa = PBXFileReference; explicitFileType = wrapper.application; includeInIndex = 0; path = SDLoadingViewExample.app; sourceTree = BUILT_PRODUCTS_DIR; };
		03442B73216E11E000FEA746 /* AppDelegate.swift */ = {isa = PBXFileReference; lastKnownFileType = sourcecode.swift; path = AppDelegate.swift; sourceTree = "<group>"; };
		03442B75216E11E000FEA746 /* ViewController.swift */ = {isa = PBXFileReference; lastKnownFileType = sourcecode.swift; path = ViewController.swift; sourceTree = "<group>"; };
		03442B78216E11E000FEA746 /* Base */ = {isa = PBXFileReference; lastKnownFileType = file.storyboard; name = Base; path = Base.lproj/Main.storyboard; sourceTree = "<group>"; };
		03442B7A216E11E100FEA746 /* Assets.xcassets */ = {isa = PBXFileReference; lastKnownFileType = folder.assetcatalog; path = Assets.xcassets; sourceTree = "<group>"; };
		03442B7D216E11E100FEA746 /* Base */ = {isa = PBXFileReference; lastKnownFileType = file.storyboard; name = Base; path = Base.lproj/LaunchScreen.storyboard; sourceTree = "<group>"; };
		03442B7F216E11E100FEA746 /* Info.plist */ = {isa = PBXFileReference; lastKnownFileType = text.plist.xml; path = Info.plist; sourceTree = "<group>"; };
		0356F4F1217AF5990033020D /* SDActivityIndicatorViewProtocol.swift */ = {isa = PBXFileReference; lastKnownFileType = sourcecode.swift; path = SDActivityIndicatorViewProtocol.swift; sourceTree = "<group>"; };
		0356F4F3217AF7320033020D /* SDStandardActivityIndicatorView.swift */ = {isa = PBXFileReference; lastKnownFileType = sourcecode.swift; path = SDStandardActivityIndicatorView.swift; sourceTree = "<group>"; };
		0356F4F7217B2F7C0033020D /* SDActivityIndicatorViewModel.swift */ = {isa = PBXFileReference; lastKnownFileType = sourcecode.swift; path = SDActivityIndicatorViewModel.swift; sourceTree = "<group>"; };
		0367D3CC2177668D003B5C94 /* SDActivityIndicatorAnimationDelegate.swift */ = {isa = PBXFileReference; lastKnownFileType = sourcecode.swift; path = SDActivityIndicatorAnimationDelegate.swift; sourceTree = "<group>"; };
/* End PBXFileReference section */

/* Begin PBXFrameworksBuildPhase section */
		03442B6D216E11E000FEA746 /* Frameworks */ = {
			isa = PBXFrameworksBuildPhase;
			buildActionMask = 2147483647;
			files = (
			);
			runOnlyForDeploymentPostprocessing = 0;
		};
/* End PBXFrameworksBuildPhase section */

/* Begin PBXGroup section */
		0341C3D2216F709A009A86FC /* Source */ = {
			isa = PBXGroup;
			children = (
				0356F4F6217B2F360033020D /* ViewModel */,
				0356F4F02178D37A0033020D /* Views */,
				0367D3C72175BFE4003B5C94 /* Animations */,
				0341C3D3216F71F2009A86FC /* SDLoadingView.swift */,
				0367D3CC2177668D003B5C94 /* SDActivityIndicatorAnimationDelegate.swift */,
				0356F4F1217AF5990033020D /* SDActivityIndicatorViewProtocol.swift */,
			);
			name = Source;
			path = ../../../Source;
			sourceTree = "<group>";
		};
		03442B67216E11E000FEA746 = {
			isa = PBXGroup;
			children = (
				03442B72216E11E000FEA746 /* SDLoadingViewExample */,
				03442B71216E11E000FEA746 /* Products */,
			);
			sourceTree = "<group>";
		};
		03442B71216E11E000FEA746 /* Products */ = {
			isa = PBXGroup;
			children = (
				03442B70216E11E000FEA746 /* SDLoadingViewExample.app */,
			);
			name = Products;
			sourceTree = "<group>";
		};
		03442B72216E11E000FEA746 /* SDLoadingViewExample */ = {
			isa = PBXGroup;
			children = (
				03442B73216E11E000FEA746 /* AppDelegate.swift */,
				03442B75216E11E000FEA746 /* ViewController.swift */,
				03442B77216E11E000FEA746 /* Main.storyboard */,
				03442B7A216E11E100FEA746 /* Assets.xcassets */,
				03442B7C216E11E100FEA746 /* LaunchScreen.storyboard */,
				03442B7F216E11E100FEA746 /* Info.plist */,
				0341C3D2216F709A009A86FC /* Source */,
			);
			path = SDLoadingViewExample;
			sourceTree = "<group>";
		};
		0356F4F02178D37A0033020D /* Views */ = {
			isa = PBXGroup;
			children = (
				0356F4F3217AF7320033020D /* SDStandardActivityIndicatorView.swift */,
			);
			path = Views;
			sourceTree = "<group>";
		};
		0356F4F6217B2F360033020D /* ViewModel */ = {
			isa = PBXGroup;
			children = (
				0356F4F7217B2F7C0033020D /* SDActivityIndicatorViewModel.swift */,
			);
			path = ViewModel;
			sourceTree = "<group>";
		};
		0367D3C72175BFE4003B5C94 /* Animations */ = {
			isa = PBXGroup;
			children = (
			);
			path = Animations;
			sourceTree = "<group>";
		};
/* End PBXGroup section */

/* Begin PBXNativeTarget section */
		03442B6F216E11E000FEA746 /* SDLoadingViewExample */ = {
			isa = PBXNativeTarget;
			buildConfigurationList = 03442B82216E11E100FEA746 /* Build configuration list for PBXNativeTarget "SDLoadingViewExample" */;
			buildPhases = (
				03442B6C216E11E000FEA746 /* Sources */,
				03442B6D216E11E000FEA746 /* Frameworks */,
				03442B6E216E11E000FEA746 /* Resources */,
			);
			buildRules = (
			);
			dependencies = (
			);
			name = SDLoadingViewExample;
			productName = SDLoadingViewExample;
			productReference = 03442B70216E11E000FEA746 /* SDLoadingViewExample.app */;
			productType = "com.apple.product-type.application";
		};
/* End PBXNativeTarget section */

/* Begin PBXProject section */
		03442B68216E11E000FEA746 /* Project object */ = {
			isa = PBXProject;
			attributes = {
				LastSwiftUpdateCheck = 0940;
				LastUpgradeCheck = 0940;
				ORGANIZATIONNAME = "Saurav Nagpal";
				TargetAttributes = {
					03442B6F216E11E000FEA746 = {
						CreatedOnToolsVersion = 9.4.1;
					};
				};
			};
			buildConfigurationList = 03442B6B216E11E000FEA746 /* Build configuration list for PBXProject "SDLoadingViewExample" */;
			compatibilityVersion = "Xcode 9.3";
			developmentRegion = en;
			hasScannedForEncodings = 0;
			knownRegions = (
				en,
				Base,
			);
			mainGroup = 03442B67216E11E000FEA746;
			productRefGroup = 03442B71216E11E000FEA746 /* Products */;
			projectDirPath = "";
			projectRoot = "";
			targets = (
				03442B6F216E11E000FEA746 /* SDLoadingViewExample */,
			);
		};
/* End PBXProject section */

/* Begin PBXResourcesBuildPhase section */
		03442B6E216E11E000FEA746 /* Resources */ = {
			isa = PBXResourcesBuildPhase;
			buildActionMask = 2147483647;
			files = (
				03442B7E216E11E100FEA746 /* LaunchScreen.storyboard in Resources */,
				03442B7B216E11E100FEA746 /* Assets.xcassets in Resources */,
				03442B79216E11E000FEA746 /* Main.storyboard in Resources */,
			);
			runOnlyForDeploymentPostprocessing = 0;
		};
/* End PBXResourcesBuildPhase section */

/* Begin PBXSourcesBuildPhase section */
		03442B6C216E11E000FEA746 /* Sources */ = {
			isa = PBXSourcesBuildPhase;
			buildActionMask = 2147483647;
			files = (
				0356F4F2217AF5990033020D /* SDActivityIndicatorViewProtocol.swift in Sources */,
				0341C3D4216F71F2009A86FC /* SDLoadingView.swift in Sources */,
				0367D3CD2177668D003B5C94 /* SDActivityIndicatorAnimationDelegate.swift in Sources */,
				0356F4F4217AF7320033020D /* SDStandardActivityIndicatorView.swift in Sources */,
				03442B76216E11E000FEA746 /* ViewController.swift in Sources */,
				0356F4F8217B2F7C0033020D /* SDActivityIndicatorViewModel.swift in Sources */,
				03442B74216E11E000FEA746 /* AppDelegate.swift in Sources */,
			);
			runOnlyForDeploymentPostprocessing = 0;
		};
/* End PBXSourcesBuildPhase section */

/* Begin PBXVariantGroup section */
		03442B77216E11E000FEA746 /* Main.storyboard */ = {
			isa = PBXVariantGroup;
			children = (
				03442B78216E11E000FEA746 /* Base */,
			);
			name = Main.storyboard;
			sourceTree = "<group>";
		};
		03442B7C216E11E100FEA746 /* LaunchScreen.storyboard */ = {
			isa = PBXVariantGroup;
			children = (
				03442B7D216E11E100FEA746 /* Base */,
			);
			name = LaunchScreen.storyboard;
			sourceTree = "<group>";
		};
/* End PBXVariantGroup section */

/* Begin XCBuildConfiguration section */
		03442B80216E11E100FEA746 /* Debug */ = {
			isa = XCBuildConfiguration;
			buildSettings = {
				ALWAYS_SEARCH_USER_PATHS = NO;
				CLANG_ANALYZER_NONNULL = YES;
				CLANG_ANALYZER_NUMBER_OBJECT_CONVERSION = YES_AGGRESSIVE;
				CLANG_CXX_LANGUAGE_STANDARD = "gnu++14";
				CLANG_CXX_LIBRARY = "libc++";
				CLANG_ENABLE_MODULES = YES;
				CLANG_ENABLE_OBJC_ARC = YES;
				CLANG_ENABLE_OBJC_WEAK = YES;
				CLANG_WARN_BLOCK_CAPTURE_AUTORELEASING = YES;
				CLANG_WARN_BOOL_CONVERSION = YES;
				CLANG_WARN_COMMA = YES;
				CLANG_WARN_CONSTANT_CONVERSION = YES;
				CLANG_WARN_DEPRECATED_OBJC_IMPLEMENTATIONS = YES;
				CLANG_WARN_DIRECT_OBJC_ISA_USAGE = YES_ERROR;
				CLANG_WARN_DOCUMENTATION_COMMENTS = YES;
				CLANG_WARN_EMPTY_BODY = YES;
				CLANG_WARN_ENUM_CONVERSION = YES;
				CLANG_WARN_INFINITE_RECURSION = YES;
				CLANG_WARN_INT_CONVERSION = YES;
				CLANG_WARN_NON_LITERAL_NULL_CONVERSION = YES;
				CLANG_WARN_OBJC_IMPLICIT_RETAIN_SELF = YES;
				CLANG_WARN_OBJC_LITERAL_CONVERSION = YES;
				CLANG_WARN_OBJC_ROOT_CLASS = YES_ERROR;
				CLANG_WARN_RANGE_LOOP_ANALYSIS = YES;
				CLANG_WARN_STRICT_PROTOTYPES = YES;
				CLANG_WARN_SUSPICIOUS_MOVE = YES;
				CLANG_WARN_UNGUARDED_AVAILABILITY = YES_AGGRESSIVE;
				CLANG_WARN_UNREACHABLE_CODE = YES;
				CLANG_WARN__DUPLICATE_METHOD_MATCH = YES;
				CODE_SIGN_IDENTITY = "iPhone Developer";
				COPY_PHASE_STRIP = NO;
				DEBUG_INFORMATION_FORMAT = dwarf;
				ENABLE_STRICT_OBJC_MSGSEND = YES;
				ENABLE_TESTABILITY = YES;
				GCC_C_LANGUAGE_STANDARD = gnu11;
				GCC_DYNAMIC_NO_PIC = NO;
				GCC_NO_COMMON_BLOCKS = YES;
				GCC_OPTIMIZATION_LEVEL = 0;
				GCC_PREPROCESSOR_DEFINITIONS = (
					"DEBUG=1",
					"$(inherited)",
				);
				GCC_WARN_64_TO_32_BIT_CONVERSION = YES;
				GCC_WARN_ABOUT_RETURN_TYPE = YES_ERROR;
				GCC_WARN_UNDECLARED_SELECTOR = YES;
				GCC_WARN_UNINITIALIZED_AUTOS = YES_AGGRESSIVE;
				GCC_WARN_UNUSED_FUNCTION = YES;
				GCC_WARN_UNUSED_VARIABLE = YES;
				IPHONEOS_DEPLOYMENT_TARGET = 11.4;
				MTL_ENABLE_DEBUG_INFO = YES;
				ONLY_ACTIVE_ARCH = YES;
				SDKROOT = iphoneos;
				SWIFT_ACTIVE_COMPILATION_CONDITIONS = DEBUG;
				SWIFT_OPTIMIZATION_LEVEL = "-Onone";
			};
			name = Debug;
		};
		03442B81216E11E100FEA746 /* Release */ = {
			isa = XCBuildConfiguration;
			buildSettings = {
				ALWAYS_SEARCH_USER_PATHS = NO;
				CLANG_ANALYZER_NONNULL = YES;
				CLANG_ANALYZER_NUMBER_OBJECT_CONVERSION = YES_AGGRESSIVE;
				CLANG_CXX_LANGUAGE_STANDARD = "gnu++14";
				CLANG_CXX_LIBRARY = "libc++";
				CLANG_ENABLE_MODULES = YES;
				CLANG_ENABLE_OBJC_ARC = YES;
				CLANG_ENABLE_OBJC_WEAK = YES;
				CLANG_WARN_BLOCK_CAPTURE_AUTORELEASING = YES;
				CLANG_WARN_BOOL_CONVERSION = YES;
				CLANG_WARN_COMMA = YES;
				CLANG_WARN_CONSTANT_CONVERSION = YES;
				CLANG_WARN_DEPRECATED_OBJC_IMPLEMENTATIONS = YES;
				CLANG_WARN_DIRECT_OBJC_ISA_USAGE = YES_ERROR;
				CLANG_WARN_DOCUMENTATION_COMMENTS = YES;
				CLANG_WARN_EMPTY_BODY = YES;
				CLANG_WARN_ENUM_CONVERSION = YES;
				CLANG_WARN_INFINITE_RECURSION = YES;
				CLANG_WARN_INT_CONVERSION = YES;
				CLANG_WARN_NON_LITERAL_NULL_CONVERSION = YES;
				CLANG_WARN_OBJC_IMPLICIT_RETAIN_SELF = YES;
				CLANG_WARN_OBJC_LITERAL_CONVERSION = YES;
				CLANG_WARN_OBJC_ROOT_CLASS = YES_ERROR;
				CLANG_WARN_RANGE_LOOP_ANALYSIS = YES;
				CLANG_WARN_STRICT_PROTOTYPES = YES;
				CLANG_WARN_SUSPICIOUS_MOVE = YES;
				CLANG_WARN_UNGUARDED_AVAILABILITY = YES_AGGRESSIVE;
				CLANG_WARN_UNREACHABLE_CODE = YES;
				CLANG_WARN__DUPLICATE_METHOD_MATCH = YES;
				CODE_SIGN_IDENTITY = "iPhone Developer";
				COPY_PHASE_STRIP = NO;
				DEBUG_INFORMATION_FORMAT = "dwarf-with-dsym";
				ENABLE_NS_ASSERTIONS = NO;
				ENABLE_STRICT_OBJC_MSGSEND = YES;
				GCC_C_LANGUAGE_STANDARD = gnu11;
				GCC_NO_COMMON_BLOCKS = YES;
				GCC_WARN_64_TO_32_BIT_CONVERSION = YES;
				GCC_WARN_ABOUT_RETURN_TYPE = YES_ERROR;
				GCC_WARN_UNDECLARED_SELECTOR = YES;
				GCC_WARN_UNINITIALIZED_AUTOS = YES_AGGRESSIVE;
				GCC_WARN_UNUSED_FUNCTION = YES;
				GCC_WARN_UNUSED_VARIABLE = YES;
				IPHONEOS_DEPLOYMENT_TARGET = 11.4;
				MTL_ENABLE_DEBUG_INFO = NO;
				SDKROOT = iphoneos;
				SWIFT_COMPILATION_MODE = wholemodule;
				SWIFT_OPTIMIZATION_LEVEL = "-O";
				VALIDATE_PRODUCT = YES;
			};
			name = Release;
		};
		03442B83216E11E100FEA746 /* Debug */ = {
			isa = XCBuildConfiguration;
			buildSettings = {
				ASSETCATALOG_COMPILER_APPICON_NAME = AppIcon;
				CODE_SIGN_STYLE = Automatic;
				INFOPLIST_FILE = SDLoadingViewExample/Info.plist;
				LD_RUNPATH_SEARCH_PATHS = (
					"$(inherited)",
					"@executable_path/Frameworks",
				);
				PRODUCT_BUNDLE_IDENTIFIER = com.SD.SDLoadingViewExample;
				PRODUCT_NAME = "$(TARGET_NAME)";
				SWIFT_VERSION = 4.0;
				TARGETED_DEVICE_FAMILY = "1,2";
			};
			name = Debug;
		};
		03442B84216E11E100FEA746 /* Release */ = {
			isa = XCBuildConfiguration;
			buildSettings = {
				ASSETCATALOG_COMPILER_APPICON_NAME = AppIcon;
				CODE_SIGN_STYLE = Automatic;
				INFOPLIST_FILE = SDLoadingViewExample/Info.plist;
				LD_RUNPATH_SEARCH_PATHS = (
					"$(inherited)",
					"@executable_path/Frameworks",
				);
				PRODUCT_BUNDLE_IDENTIFIER = com.SD.SDLoadingViewExample;
				PRODUCT_NAME = "$(TARGET_NAME)";
				SWIFT_VERSION = 4.0;
				TARGETED_DEVICE_FAMILY = "1,2";
			};
			name = Release;
		};
/* End XCBuildConfiguration section */

/* Begin XCConfigurationList section */
		03442B6B216E11E000FEA746 /* Build configuration list for PBXProject "SDLoadingViewExample" */ = {
			isa = XCConfigurationList;
			buildConfigurations = (
				03442B80216E11E100FEA746 /* Debug */,
				03442B81216E11E100FEA746 /* Release */,
			);
			defaultConfigurationIsVisible = 0;
			defaultConfigurationName = Release;
		};
		03442B82216E11E100FEA746 /* Build configuration list for PBXNativeTarget "SDLoadingViewExample" */ = {
			isa = XCConfigurationList;
			buildConfigurations = (
				03442B83216E11E100FEA746 /* Debug */,
				03442B84216E11E100FEA746 /* Release */,
			);
			defaultConfigurationIsVisible = 0;
			defaultConfigurationName = Release;
		};
/* End XCConfigurationList section */
	};
	rootObject = 03442B68216E11E000FEA746 /* Project object */;
}
